
Microsoft Visual Studio Solution File, Format Version 12.00
# Visual Studio Version 16
VisualStudioVersion = 16.0.29709.97
MinimumVisualStudioVersion = 10.0.40219.1
Project("{FAE04EC0-301F-11D3-BF4B-00C04F79EFBC}") = "clsUtility", "libreria_classi_programma\clsUtility.csproj", "{3DCDBDD1-FA74-4168-A836-946F0DA0A2C9}"
EndProject
Project("{FAE04EC0-301F-11D3-BF4B-00C04F79EFBC}") = "Test", "app_console_programma\Test.csproj", "{17E4CC09-F612-4CB6-8771-E40434039A66}"
	ProjectSection(ProjectDependencies) = postProject
		{3DCDBDD1-FA74-4168-A836-946F0DA0A2C9} = {3DCDBDD1-FA74-4168-A836-946F0DA0A2C9}
	EndProjectSection
EndProject
Global
	GlobalSection(SolutionConfigurationPlatforms) = preSolution
		Debug|Any CPU = Debug|Any CPU
		Release|Any CPU = Release|Any CPU
	EndGlobalSection
	GlobalSection(ProjectConfigurationPlatforms) = postSolution
		{3DCDBDD1-FA74-4168-A836-946F0DA0A2C9}.Debug|Any CPU.ActiveCfg = Debug|Any CPU
		{3DCDBDD1-FA74-4168-A836-946F0DA0A2C9}.Debug|Any CPU.Build.0 = Debug|Any CPU
		{3DCDBDD1-FA74-4168-A836-946F0DA0A2C9}.Release|Any CPU.ActiveCfg = Release|Any CPU
		{3DCDBDD1-FA74-4168-A836-946F0DA0A2C9}.Release|Any CPU.Build.0 = Release|Any CPU
		{17E4CC09-F612-4CB6-8771-E40434039A66}.Debug|Any CPU.ActiveCfg = Debug|Any CPU
		{17E4CC09-F612-4CB6-8771-E40434039A66}.Debug|Any CPU.Build.0 = Debug|Any CPU
		{17E4CC09-F612-4CB6-8771-E40434039A66}.Release|Any CPU.ActiveCfg = Release|Any CPU
		{17E4CC09-F612-4CB6-8771-E40434039A66}.Release|Any CPU.Build.0 = Release|Any CPU
	EndGlobalSection
	GlobalSection(SolutionProperties) = preSolution
		HideSolutionNode = FALSE
	EndGlobalSection
	GlobalSection(ExtensibilityGlobals) = postSolution
		SolutionGuid = {D6F51E45-B5F3-451E-B801-BF6EBE4FE64E}
	EndGlobalSection
EndGlobal
